Microsoft Visual Studio Solution File, Format Version 12.00
# Visual Studio Version 17
VisualStudioVersion = 17.13.35931.197
MinimumVisualStudioVersion = 10.0.40219.1
Project("{FAE04EC0-301F-11D3-BF4B-00C04F79EFBC}") = "Digishui", "Digishui\Digishui.csproj", "{EE1E084A-C9A6-4904-85F9-DC3B42C8D3FC}"
EndProject
Project("{FAE04EC0-301F-11D3-BF4B-00C04F79EFBC}") = "Digishui.Test", "Digishui.Test\Digishui.Test.csproj", "{30970E15-212C-4E2D-9945-65B7114EDA1C}"
EndProject
Global
	GlobalSection(SolutionConfigurationPlatforms) = preSolution
		Debug|Any CPU = Debug|Any CPU
		Release|Any CPU = Release|Any CPU
	EndGlobalSection
	GlobalSection(ProjectConfigurationPlatforms) = postSolution
		{EE1E084A-C9A6-4904-85F9-DC3B42C8D3FC}.Debug|Any CPU.ActiveCfg = Debug|Any CPU
		{EE1E084A-C9A6-4904-85F9-DC3B42C8D3FC}.Debug|Any CPU.Build.0 = Debug|Any CPU
		{EE1E084A-C9A6-4904-85F9-DC3B42C8D3FC}.Release|Any CPU.ActiveCfg = Release|Any CPU
		{EE1E084A-C9A6-4904-85F9-DC3B42C8D3FC}.Release|Any CPU.Build.0 = Release|Any CPU
		{30970E15-212C-4E2D-9945-65B7114EDA1C}.Debug|Any CPU.ActiveCfg = Debug|Any CPU
		{30970E15-212C-4E2D-9945-65B7114EDA1C}.Debug|Any CPU.Build.0 = Debug|Any CPU
		{30970E15-212C-4E2D-9945-65B7114EDA1C}.Release|Any CPU.ActiveCfg = Release|Any CPU
		{30970E15-212C-4E2D-9945-65B7114EDA1C}.Release|Any CPU.Build.0 = Release|Any CPU
	EndGlobalSection
	GlobalSection(SolutionProperties) = preSolution
		HideSolutionNode = FALSE
	EndGlobalSection
	GlobalSection(ExtensibilityGlobals) = postSolution
		SolutionGuid = {7AFA1C63-6EF6-41C0-BEAE-BE2C398D0229}
	EndGlobalSection
EndGlobal
